
Microsoft Visual Studio Solution File, Format Version 12.00
# Visual Studio Version 16
VisualStudioVersion = 16.0.30907.101
MinimumVisualStudioVersion = 10.0.40219.1
Project("{9A19103F-16F7-4668-BE54-9A1E7A4F7556}") = "MarsRover.UI", "MarsRover.UI\MarsRover.UI.csproj", "{B67A78BC-2F01-4170-B97A-FFB752CCC0B3}"
EndProject
Project("{9A19103F-16F7-4668-BE54-9A1E7A4F7556}") = "MarsRover.Core", "MarsRover.Core\MarsRover.Core.csproj", "{E31090C6-3A2C-4F58-96B7-33BBFF8C4B31}"
EndProject
Project("{9A19103F-16F7-4668-BE54-9A1E7A4F7556}") = "MarsRover.Bussines", "MarsRover.Bussines\MarsRover.Bussines.csproj", "{8A150202-AC27-4A0E-9FC0-6DD5DFCD10D1}"
EndProject
Project("{FAE04EC0-301F-11D3-BF4B-00C04F79EFBC}") = "MarsRover.UnitTest", "MarsRover.UnitTest\MarsRover.UnitTest.csproj", "{63A9E12A-6C81-4B0B-9CFB-6423DC681D9C}"
EndProject
Global
	GlobalSection(SolutionConfigurationPlatforms) = preSolution
		Debug|Any CPU = Debug|Any CPU
		Release|Any CPU = Release|Any CPU
	EndGlobalSection
	GlobalSection(ProjectConfigurationPlatforms) = postSolution
		{B67A78BC-2F01-4170-B97A-FFB752CCC0B3}.Debug|Any CPU.ActiveCfg = Debug|Any CPU
		{B67A78BC-2F01-4170-B97A-FFB752CCC0B3}.Debug|Any CPU.Build.0 = Debug|Any CPU
		{B67A78BC-2F01-4170-B97A-FFB752CCC0B3}.Release|Any CPU.ActiveCfg = Release|Any CPU
		{B67A78BC-2F01-4170-B97A-FFB752CCC0B3}.Release|Any CPU.Build.0 = Release|Any CPU
		{E31090C6-3A2C-4F58-96B7-33BBFF8C4B31}.Debug|Any CPU.ActiveCfg = Debug|Any CPU
		{E31090C6-3A2C-4F58-96B7-33BBFF8C4B31}.Debug|Any CPU.Build.0 = Debug|Any CPU
		{E31090C6-3A2C-4F58-96B7-33BBFF8C4B31}.Release|Any CPU.ActiveCfg = Release|Any CPU
		{E31090C6-3A2C-4F58-96B7-33BBFF8C4B31}.Release|Any CPU.Build.0 = Release|Any CPU
		{8A150202-AC27-4A0E-9FC0-6DD5DFCD10D1}.Debug|Any CPU.ActiveCfg = Debug|Any CPU
		{8A150202-AC27-4A0E-9FC0-6DD5DFCD10D1}.Debug|Any CPU.Build.0 = Debug|Any CPU
		{8A150202-AC27-4A0E-9FC0-6DD5DFCD10D1}.Release|Any CPU.ActiveCfg = Release|Any CPU
		{8A150202-AC27-4A0E-9FC0-6DD5DFCD10D1}.Release|Any CPU.Build.0 = Release|Any CPU
		{63A9E12A-6C81-4B0B-9CFB-6423DC681D9C}.Debug|Any CPU.ActiveCfg = Debug|Any CPU
		{63A9E12A-6C81-4B0B-9CFB-6423DC681D9C}.Debug|Any CPU.Build.0 = Debug|Any CPU
		{63A9E12A-6C81-4B0B-9CFB-6423DC681D9C}.Release|Any CPU.ActiveCfg = Release|Any CPU
		{63A9E12A-6C81-4B0B-9CFB-6423DC681D9C}.Release|Any CPU.Build.0 = Release|Any CPU
	EndGlobalSection
	GlobalSection(SolutionProperties) = preSolution
		HideSolutionNode = FALSE
	EndGlobalSection
	GlobalSection(ExtensibilityGlobals) = postSolution
		SolutionGuid = {EA7F8F36-068E-4B61-8EED-AD438B74D1C4}
	EndGlobalSection
EndGlobal
